{
  "name": "tengwar.html",
  "version": "0.0.0",
  "lockfileVersion": 1,
  "requires": true,
  "dependencies": {
    "ajv": {
      "version": "5.5.2",
      "resolved": "https://registry.npmjs.org/ajv/-/ajv-5.5.2.tgz",
      "integrity": "sha1-c7Xuyj+rZT49P5Qis0GtQiBdyWU=",
      "dev": true,
      "optional": true,
      "requires": {
        "co": "^4.6.0",
        "fast-deep-equal": "^1.0.0",
        "fast-json-stable-stringify": "^2.0.0",
        "json-schema-traverse": "^0.3.0"
      }
    },
    "asap": {
      "version": "2.0.6",
      "resolved": "https://registry.npmjs.org/asap/-/asap-2.0.6.tgz",
      "integrity": "sha1-5QNHYR1+aQlDIIu9r+vLwvuGbUY="
    },
    "asn1": {
      "version": "0.2.3",
      "resolved": "https://registry.npmjs.org/asn1/-/asn1-0.2.3.tgz",
      "integrity": "sha1-2sh4dxPJlmhJ/IGAd36+nB3fO4Y=",
      "dev": true,
      "optional": true
    },
    "assert-plus": {
      "version": "1.0.0",
      "resolved": "https://registry.npmjs.org/assert-plus/-/assert-plus-1.0.0.tgz",
      "integrity": "sha1-8S4PPF13sLHN2RRpQuTpbB5N1SU=",
      "dev": true
    },
    "asynckit": {
      "version": "0.4.0",
      "resolved": "https://registry.npmjs.org/asynckit/-/asynckit-0.4.0.tgz",
      "integrity": "sha1-x57Zf380y48robyXkLzDZkdLS3k=",
      "dev": true,
      "optional": true
    },
    "aws-sign2": {
      "version": "0.7.0",
      "resolved": "https://registry.npmjs.org/aws-sign2/-/aws-sign2-0.7.0.tgz",
      "integrity": "sha1-tG6JCTSpWR8tL2+G1+ap8bP+dqg=",
      "dev": true,
      "optional": true
    },
    "aws4": {
      "version": "1.7.0",
      "resolved": "https://registry.npmjs.org/aws4/-/aws4-1.7.0.tgz",
      "integrity": "sha512-32NDda82rhwD9/JBCCkB+MRYDp0oSvlo2IL6rQWA10PQi7tDUM3eqMSltXmY+Oyl/7N3P3qNtAlv7X0d9bI28w==",
      "dev": true,
      "optional": true
    },
    "bcrypt-pbkdf": {
      "version": "1.0.2",
      "resolved": "https://registry.npmjs.org/bcrypt-pbkdf/-/bcrypt-pbkdf-1.0.2.tgz",
      "integrity": "sha1-pDAdOJtqQ/m2f/PKEaP2Y342Dp4=",
      "dev": true,
      "optional": true,
      "requires": {
        "tweetnacl": "^0.14.3"
      }
    },
    "caseless": {
      "version": "0.12.0",
      "resolved": "https://registry.npmjs.org/caseless/-/caseless-0.12.0.tgz",
      "integrity": "sha1-G2gcIf+EAzyCZUMJBolCDRhxUdw=",
      "dev": true,
      "optional": true
    },
    "co": {
      "version": "4.6.0",
      "resolved": "https://registry.npmjs.org/co/-/co-4.6.0.tgz",
      "integrity": "sha1-bqa989hTrlTMuOR7+gvz+QMfsYQ=",
      "dev": true,
      "optional": true
    },
    "combined-stream": {
      "version": "1.0.6",
      "resolved": "https://registry.npmjs.org/combined-stream/-/combined-stream-1.0.6.tgz",
      "integrity": "sha1-cj599ugBrFYTETp+RFqbactjKBg=",
      "dev": true,
      "requires": {
        "delayed-stream": "~1.0.0"
      }
    },
    "core-util-is": {
      "version": "1.0.2",
      "resolved": "https://registry.npmjs.org/core-util-is/-/core-util-is-1.0.2.tgz",
      "integrity": "sha1-tf1UIgqivFq1eqtxQMlAdUUDwac=",
      "dev": true,
      "optional": true
    },
    "dashdash": {
      "version": "1.14.1",
      "resolved": "https://registry.npmjs.org/dashdash/-/dashdash-1.14.1.tgz",
      "integrity": "sha1-hTz6D3y+L+1d4gMmuN1YEDX24vA=",
      "dev": true,
      "optional": true,
      "requires": {
        "assert-plus": "^1.0.0"
      }
    },
    "delayed-stream": {
      "version": "1.0.0",
      "resolved": "https://registry.npmjs.org/delayed-stream/-/delayed-stream-1.0.0.tgz",
      "integrity": "sha1-3zrhmayt+31ECqrgsp4icrJOxhk=",
      "dev": true
    },
    "domenic": {
      "version": "1.0.1",
      "resolved": "https://registry.npmjs.org/domenic/-/domenic-1.0.1.tgz",
      "integrity": "sha1-ilwkjSspbsBS1KsBPQ1JWv121S8=",
      "requires": {
        "minidom": "^1.0.0",
        "xmldom": "^0.1.19"
      }
    },
    "ecc-jsbn": {
      "version": "0.1.2",
      "resolved": "https://registry.npmjs.org/ecc-jsbn/-/ecc-jsbn-0.1.2.tgz",
      "integrity": "sha1-OoOpBOVDUyh4dMVkt1SThoSamMk=",
      "dev": true,
      "optional": true,
      "requires": {
        "jsbn": "~0.1.0",
        "safer-buffer": "^2.1.0"
      }
    },
    "errno": {
      "version": "0.1.7",
      "resolved": "https://registry.npmjs.org/errno/-/errno-0.1.7.tgz",
      "integrity": "sha512-MfrRBDWzIWifgq6tJj60gkAwtLNb6sQPlcFrSOflcP1aFmmruKQ2wRnze/8V6kgyz7H3FF8Npzv78mZ7XLLflg==",
      "dev": true,
      "optional": true,
      "requires": {
        "prr": "~1.0.1"
      }
    },
    "extend": {
      "version": "3.0.2",
      "resolved": "https://registry.npmjs.org/extend/-/extend-3.0.2.tgz",
      "integrity": "sha512-fjquC59cD7CyW6urNXK0FBufkZcoiGG80wTuPujX590cB5Ttln20E2UB4S/WARVqhXffZl2LNgS+gQdPIIim/g==",
      "dev": true,
      "optional": true
    },
    "extsprintf": {
      "version": "1.3.0",
      "resolved": "https://registry.npmjs.org/extsprintf/-/extsprintf-1.3.0.tgz",
      "integrity": "sha1-lpGEQOMEGnpBT4xS48V06zw+HgU=",
      "dev": true
    },
    "fast-deep-equal": {
      "version": "1.1.0",
      "resolved": "https://registry.npmjs.org/fast-deep-equal/-/fast-deep-equal-1.1.0.tgz",
      "integrity": "sha1-wFNHeBfIa1HaqFPIHgWbcz0CNhQ=",
      "dev": true,
      "optional": true
    },
    "fast-json-stable-stringify": {
      "version": "2.0.0",
      "resolved": "https://registry.npmjs.org/fast-json-stable-stringify/-/fast-json-stable-stringify-2.0.0.tgz",
      "integrity": "sha1-1RQsDK7msRifh9OnYREGT4bIu/I=",
      "dev": true,
      "optional": true
    },
    "forever-agent": {
      "version": "0.6.1",
      "resolved": "https://registry.npmjs.org/forever-agent/-/forever-agent-0.6.1.tgz",
      "integrity": "sha1-+8cfDEGt6zf5bFd60e1C2P2sypE=",
      "dev": true,
      "optional": true
    },
    "form-data": {
      "version": "2.3.2",
      "resolved": "https://registry.npmjs.org/form-data/-/form-data-2.3.2.tgz",
      "integrity": "sha1-SXBJi+YEwgwAXU9cI67NIda0kJk=",
      "dev": true,
      "optional": true,
      "requires": {
        "asynckit": "^0.4.0",
        "combined-stream": "1.0.6",
        "mime-types": "^2.1.12"
      }
    },
    "getpass": {
      "version": "0.1.7",
      "resolved": "https://registry.npmjs.org/getpass/-/getpass-0.1.7.tgz",
      "integrity": "sha1-Xv+OPmhNVprkyysSgmBOi6YhSfo=",
      "dev": true,
      "optional": true,
      "requires": {
        "assert-plus": "^1.0.0"
      }
    },
    "graceful-fs": {
      "version": "4.1.11",
      "resolved": "https://registry.npmjs.org/graceful-fs/-/graceful-fs-4.1.11.tgz",
      "integrity": "sha1-Dovf5NHduIVNZOBOp8AOKgJuVlg=",
      "dev": true,
      "optional": true
    },
    "gutentag": {
      "version": "2.2.0",
      "resolved": "https://registry.npmjs.org/gutentag/-/gutentag-2.2.0.tgz",
      "integrity": "sha1-K4Ms1KQ8DKiBk7JCahcO26HU92k=",
      "requires": {
        "domenic": "^1.0.1",
        "koerper": "^1.1.1",
        "pop-observe": "^2.0.1",
        "pop-swap": "^1.0.0",
        "q": "^2.0.3",
        "system": "^1.1.1",
        "wizdom": "^1.1.0"
      },
      "dependencies": {
        "system": {
          "version": "1.3.0",
          "resolved": "https://registry.npmjs.org/system/-/system-1.3.0.tgz",
          "integrity": "sha1-2ZR4vvsDzZ4v0vw0CyDNWrrRPfc=",
          "requires": {
            "q": "^2.0.3"
          }
        }
      }
    },
    "har-schema": {
      "version": "2.0.0",
      "resolved": "https://registry.npmjs.org/har-schema/-/har-schema-2.0.0.tgz",
      "integrity": "sha1-qUwiJOvKwEeCoNkDVSHyRzW37JI=",
      "dev": true,
      "optional": true
    },
    "har-validator": {
      "version": "5.0.3",
      "resolved": "https://registry.npmjs.org/har-validator/-/har-validator-5.0.3.tgz",
      "integrity": "sha1-ukAsJmGU8VlW7xXg/PJCmT9qff0=",
      "dev": true,
      "optional": true,
      "requires": {
        "ajv": "^5.1.0",
        "har-schema": "^2.0.0"
      }
    },
    "http-signature": {
      "version": "1.2.0",
      "resolved": "https://registry.npmjs.org/http-signature/-/http-signature-1.2.0.tgz",
      "integrity": "sha1-muzZJRFHcvPZW2WmCruPfBj7rOE=",
      "dev": true,
      "optional": true,
      "requires": {
        "assert-plus": "^1.0.0",
        "jsprim": "^1.2.2",
        "sshpk": "^1.7.0"
      }
    },
    "image-size": {
      "version": "0.5.5",
      "resolved": "https://registry.npmjs.org/image-size/-/image-size-0.5.5.tgz",
      "integrity": "sha1-Cd/Uq50g4p6xw+gLiZA3jfnjy5w=",
      "dev": true,
      "optional": true
    },
    "is-typedarray": {
      "version": "1.0.0",
      "resolved": "https://registry.npmjs.org/is-typedarray/-/is-typedarray-1.0.0.tgz",
      "integrity": "sha1-5HnICFjfDBsR3dppQPlgEfzaSpo=",
      "dev": true,
      "optional": true
    },
    "isstream": {
      "version": "0.1.2",
      "resolved": "https://registry.npmjs.org/isstream/-/isstream-0.1.2.tgz",
      "integrity": "sha1-R+Y/evVa+m+S4VAOaQ64uFKcCZo=",
      "dev": true,
      "optional": true
    },
    "jsbn": {
      "version": "0.1.1",
      "resolved": "https://registry.npmjs.org/jsbn/-/jsbn-0.1.1.tgz",
      "integrity": "sha1-peZUwuWi3rXyAdls77yoDA7y9RM=",
      "dev": true,
      "optional": true
    },
    "json-schema": {
      "version": "0.2.3",
      "resolved": "https://registry.npmjs.org/json-schema/-/json-schema-0.2.3.tgz",
      "integrity": "sha1-tIDIkuWaLwWVTOcnvT8qTogvnhM=",
      "dev": true,
      "optional": true
    },
    "json-schema-traverse": {
      "version": "0.3.1",
      "resolved": "https://registry.npmjs.org/json-schema-traverse/-/json-schema-traverse-0.3.1.tgz",
      "integrity": "sha1-NJptRMU6Ud6JtAgFxdXlm0F9M0A=",
      "dev": true,
      "optional": true
    },
    "json-stringify-safe": {
      "version": "5.0.1",
      "resolved": "https://registry.npmjs.org/json-stringify-safe/-/json-stringify-safe-5.0.1.tgz",
      "integrity": "sha1-Epai1Y/UXxmg9s4B1lcB4sc1tus=",
      "dev": true,
      "optional": true
    },
    "jsprim": {
      "version": "1.4.1",
      "resolved": "https://registry.npmjs.org/jsprim/-/jsprim-1.4.1.tgz",
      "integrity": "sha1-MT5mvB5cwG5Di8G3SZwuXFastqI=",
      "dev": true,
      "optional": true,
      "requires": {
        "assert-plus": "1.0.0",
        "extsprintf": "1.3.0",
        "json-schema": "0.2.3",
        "verror": "1.10.0"
      }
    },
    "koerper": {
      "version": "1.1.1",
      "resolved": "https://registry.npmjs.org/koerper/-/koerper-1.1.1.tgz",
      "integrity": "sha1-VNmZaC2OM9eDzgDfrZ0mahzVaHo=",
      "requires": {
        "wizdom": "^1.1.0"
      }
    },
    "less": {
      "version": "3.8.0",
      "resolved": "https://registry.npmjs.org/less/-/less-3.8.0.tgz",
      "integrity": "sha512-746DPDyL+Wsjo7h/Z3t+A3Mg/mpDTaxW4puZyLhCQJjWJJvHggN735orjuCLIYgo7jKqv1zWLiQrxkuUOg5oGA==",
      "dev": true,
      "requires": {
        "errno": "^0.1.1",
        "graceful-fs": "^4.1.2",
        "image-size": "~0.5.0",
        "mime": "^1.4.1",
        "mkdirp": "^0.5.0",
        "promise": "^7.1.1",
        "request": "^2.83.0",
        "source-map": "~0.6.0"
      }
    },
    "mime": {
      "version": "1.6.0",
      "resolved": "https://registry.npmjs.org/mime/-/mime-1.6.0.tgz",
      "integrity": "sha512-x0Vn8spI+wuJ1O6S7gnbaQg8Pxh4NNHb7KSINmEWKiPE4RKOplvijn+NkmYmmRgP68mc70j2EbeTFRsrswaQeg==",
      "dev": true,
      "optional": true
    },
    "mime-db": {
      "version": "1.35.0",
      "resolved": "https://registry.npmjs.org/mime-db/-/mime-db-1.35.0.tgz",
      "integrity": "sha512-JWT/IcCTsB0Io3AhWUMjRqucrHSPsSf2xKLaRldJVULioggvkJvggZ3VXNNSRkCddE6D+BUI4HEIZIA2OjwIvg==",
      "dev": true
    },
    "mime-types": {
      "version": "2.1.19",
      "resolved": "https://registry.npmjs.org/mime-types/-/mime-types-2.1.19.tgz",
      "integrity": "sha512-P1tKYHVSZ6uFo26mtnve4HQFE3koh1UWVkp8YUC+ESBHe945xWSoXuHHiGarDqcEZ+whpCDnlNw5LON0kLo+sw==",
      "dev": true,
      "requires": {
        "mime-db": "~1.35.0"
      }
    },
    "mini-map": {
      "version": "1.0.0",
      "resolved": "https://registry.npmjs.org/mini-map/-/mini-map-1.0.0.tgz",
      "integrity": "sha1-lkHgEV2Zs9wTcRz4z9pMgZmJP04="
    },
    "minidom": {
      "version": "1.0.0",
      "resolved": "https://registry.npmjs.org/minidom/-/minidom-1.0.0.tgz",
      "integrity": "sha1-S70C1hew5+gvwcFJC2B1YPyTqUU=",
      "requires": {
        "parse5": "~1.1.4"
      }
    },
    "minimist": {
      "version": "0.0.8",
      "resolved": "https://registry.npmjs.org/minimist/-/minimist-0.0.8.tgz",
      "integrity": "sha1-hX/Kv8M5fSYluCKCYuhqp6ARsF0=",
      "dev": true,
      "optional": true
    },
    "mkdirp": {
      "version": "0.5.1",
      "resolved": "https://registry.npmjs.org/mkdirp/-/mkdirp-0.5.1.tgz",
      "integrity": "sha1-MAV0OOrGz3+MR2fzhkjWaX11yQM=",
      "dev": true,
      "optional": true,
      "requires": {
        "minimist": "0.0.8"
      }
    },
    "oauth-sign": {
      "version": "0.8.2",
      "resolved": "https://registry.npmjs.org/oauth-sign/-/oauth-sign-0.8.2.tgz",
      "integrity": "sha1-Rqarfwrq2N6unsBWV4C31O/rnUM=",
      "dev": true,
      "optional": true
    },
    "parse5": {
      "version": "1.1.6",
      "resolved": "https://registry.npmjs.org/parse5/-/parse5-1.1.6.tgz",
      "integrity": "sha1-a+Qtea5mLXLXJwXCajz7KR/tGOY="
    },
    "performance-now": {
      "version": "2.1.0",
      "resolved": "https://registry.npmjs.org/performance-now/-/performance-now-2.1.0.tgz",
      "integrity": "sha1-Ywn04OX6kT7BxpMHrjZLSzd8nns=",
      "dev": true,
      "optional": true
    },
    "pop-equals": {
      "version": "1.0.0",
      "resolved": "https://registry.npmjs.org/pop-equals/-/pop-equals-1.0.0.tgz",
      "integrity": "sha1-kEFPj9pxo3+IHR5eOi4C7ww7fgs=",
      "requires": {
        "mini-map": "^1.0.0"
      }
    },
    "pop-has": {
      "version": "1.0.0",
      "resolved": "https://registry.npmjs.org/pop-has/-/pop-has-1.0.0.tgz",
      "integrity": "sha1-myJrWblgq2XqsLQS3VVw3OkOZRw=",
      "requires": {
        "pop-equals": "^1.0.0"
      }
    },
    "pop-iterate": {
      "version": "1.0.1",
      "resolved": "https://registry.npmjs.org/pop-iterate/-/pop-iterate-1.0.1.tgz",
      "integrity": "sha1-zqz9q0q/NT16DyqqLB/Hs/lBO6M="
    },
    "pop-observe": {
      "version": "2.0.2",
      "resolved": "https://registry.npmjs.org/pop-observe/-/pop-observe-2.0.2.tgz",
      "integrity": "sha1-WstaxvJMfG/6ssMhUbCtt0Du82M=",
      "requires": {
        "pop-equals": "^1.0.0",
        "pop-has": "^1.0.0",
        "pop-swap": "^1.0.0"
      }
    },
    "pop-swap": {
      "version": "1.0.0",
      "resolved": "https://registry.npmjs.org/pop-swap/-/pop-swap-1.0.0.tgz",
      "integrity": "sha1-iLRAVT4IXQF50yJVsJ+TqrmJDGY="
    },
    "promise": {
      "version": "7.3.1",
      "resolved": "https://registry.npmjs.org/promise/-/promise-7.3.1.tgz",
      "integrity": "sha512-nolQXZ/4L+bP/UGlkfaIujX9BKxGwmQ9OT4mOt5yvy8iK1h3wqTEJCijzGANTCCl9nWjY41juyAn2K3Q1hLLTg==",
      "dev": true,
      "optional": true,
      "requires": {
        "asap": "~2.0.3"
      }
    },
    "prr": {
      "version": "1.0.1",
      "resolved": "https://registry.npmjs.org/prr/-/prr-1.0.1.tgz",
      "integrity": "sha1-0/wRS6BplaRexok/SEzrHXj19HY=",
      "dev": true,
      "optional": true
    },
    "punycode": {
      "version": "1.4.1",
      "resolved": "https://registry.npmjs.org/punycode/-/punycode-1.4.1.tgz",
      "integrity": "sha1-wNWmOycYgArY4esPpSachN1BhF4=",
      "dev": true,
      "optional": true
    },
    "q": {
      "version": "2.0.3",
      "resolved": "https://registry.npmjs.org/q/-/q-2.0.3.tgz",
      "integrity": "sha1-dbjbAlWhpa+C9Yw/Oqoe/sfQ0TQ=",
      "requires": {
        "asap": "^2.0.0",
        "pop-iterate": "^1.0.1",
        "weak-map": "^1.0.5"
      }
    },
    "qs": {
      "version": "6.5.2",
      "resolved": "https://registry.npmjs.org/qs/-/qs-6.5.2.tgz",
      "integrity": "sha512-N5ZAX4/LxJmF+7wN74pUD6qAh9/wnvdQcjq9TZjevvXzSUo7bfmw91saqMjzGS2xq91/odN2dW/WOl7qQHNDGA==",
      "dev": true,
      "optional": true
    },
    "querystring": {
      "version": "0.2.0",
      "resolved": "https://registry.npmjs.org/querystring/-/querystring-0.2.0.tgz",
      "integrity": "sha1-sgmEkgO7Jd+CDadW50cAWHhSFiA="
    },
    "request": {
      "version": "2.87.0",
      "resolved": "https://registry.npmjs.org/request/-/request-2.87.0.tgz",
      "integrity": "sha512-fcogkm7Az5bsS6Sl0sibkbhcKsnyon/jV1kF3ajGmF0c8HrttdKTPRT9hieOaQHA5HEq6r8OyWOo/o781C1tNw==",
      "dev": true,
      "optional": true,
      "requires": {
        "aws-sign2": "~0.7.0",
        "aws4": "^1.6.0",
        "caseless": "~0.12.0",
        "combined-stream": "~1.0.5",
        "extend": "~3.0.1",
        "forever-agent": "~0.6.1",
        "form-data": "~2.3.1",
        "har-validator": "~5.0.3",
        "http-signature": "~1.2.0",
        "is-typedarray": "~1.0.0",
        "isstream": "~0.1.2",
        "json-stringify-safe": "~5.0.1",
        "mime-types": "~2.1.17",
        "oauth-sign": "~0.8.2",
        "performance-now": "^2.1.0",
        "qs": "~6.5.1",
        "safe-buffer": "^5.1.1",
        "tough-cookie": "~2.3.3",
        "tunnel-agent": "^0.6.0",
        "uuid": "^3.1.0"
      }
    },
    "safe-buffer": {
      "version": "5.1.2",
      "resolved": "https://registry.npmjs.org/safe-buffer/-/safe-buffer-5.1.2.tgz",
      "integrity": "sha512-Gd2UZBJDkXlY7GbJxfsE8/nvKkUEU1G38c1siN6QP6a9PT9MmHB8GnpscSmMJSoF8LOIrt8ud/wPtojys4G6+g==",
      "dev": true
    },
    "safer-buffer": {
      "version": "2.1.2",
      "resolved": "https://registry.npmjs.org/safer-buffer/-/safer-buffer-2.1.2.tgz",
      "integrity": "sha512-YZo3K82SD7Riyi0E1EQPojLz7kpepnSQI9IyPbHHg1XXXevb5dJI7tpyN2ADxGcQbHG7vcyRHk0cbwqcQriUtg==",
      "dev": true,
      "optional": true
    },
    "source-map": {
      "version": "0.6.1",
      "resolved": "https://registry.npmjs.org/source-map/-/source-map-0.6.1.tgz",
      "integrity": "sha512-UjgapumWlbMhkBgzT7Ykc5YXUT46F0iKu8SGXq0bcwP5dz/h0Plj6enJqjz1Zbq2l5WaqYnrVbwWOWMyF3F47g==",
      "dev": true,
      "optional": true
    },
    "sshpk": {
      "version": "1.14.2",
      "resolved": "https://registry.npmjs.org/sshpk/-/sshpk-1.14.2.tgz",
      "integrity": "sha1-xvxhZIo9nE52T9P8306hBeSSupg=",
      "dev": true,
      "optional": true,
      "requires": {
        "asn1": "~0.2.3",
        "assert-plus": "^1.0.0",
        "bcrypt-pbkdf": "^1.0.0",
        "dashdash": "^1.12.0",
        "ecc-jsbn": "~0.1.1",
        "getpass": "^0.1.1",
        "jsbn": "~0.1.0",
        "safer-buffer": "^2.0.2",
        "tweetnacl": "~0.14.0"
      }
    },
    "system": {
      "version": "2.0.1",
      "resolved": "https://registry.npmjs.org/system/-/system-2.0.1.tgz",
      "integrity": "sha512-BwSUSa8LMHZouGadZ34ck3TsrH5s3oMmTKPK+xHdbBnTCZOZMJ38fHGKLAHkBl0PXru1Z4BsymQU4qqvTxWzdQ=="
    },
    "tengwar": {
      "version": "1.2.5",
      "requires": {
        "system": "^1.3.0"
      },
      "dependencies": {
        "abbrev": {
          "version": "1.0.9",
          "bundled": true
        },
        "amdefine": {
          "version": "1.0.1",
          "bundled": true
        },
        "archiver": {
          "version": "0.10.1",
          "bundled": true,
          "requires": {
            "buffer-crc32": "~0.2.1",
            "file-utils": "~0.2.0",
            "lazystream": "~0.1.0",
            "lodash": "~2.4.1",
            "readable-stream": "~1.0.26",
            "tar-stream": "~0.4.0",
            "zip-stream": "~0.3.0"
          }
        },
        "asap": {
          "version": "2.0.5",
          "bundled": true
        },
        "asn1": {
          "version": "0.1.11",
          "bundled": true,
          "optional": true
        },
        "assert-plus": {
          "version": "0.1.5",
          "bundled": true,
          "optional": true
        },
        "async": {
          "version": "0.2.10",
          "bundled": true
        },
        "aws-sign2": {
          "version": "0.5.0",
          "bundled": true,
          "optional": true
        },
        "balanced-match": {
          "version": "0.4.2",
          "bundled": true
        },
        "bl": {
          "version": "0.9.5",
          "bundled": true,
          "requires": {
            "readable-stream": "~1.0.26"
          }
        },
        "boom": {
          "version": "0.4.2",
          "bundled": true,
          "requires": {
            "hoek": "0.9.x"
          }
        },
        "brace-expansion": {
          "version": "1.1.6",
          "bundled": true,
          "requires": {
            "balanced-match": "^0.4.1",
            "concat-map": "0.0.1"
          }
        },
        "buffer-crc32": {
          "version": "0.2.13",
          "bundled": true
        },
        "collections": {
          "version": "2.0.3",
          "bundled": true,
          "requires": {
            "mini-map": "^1.0.0",
            "pop-arrayify": "^1.0.0",
            "pop-clear": "^1.0.0",
            "pop-clone": "^1.0.1",
            "pop-compare": "^1.0.0",
            "pop-equals": "^1.0.0",
            "pop-has": "^1.0.0",
            "pop-hash": "^1.0.0",
            "pop-iterate": "^1.0.1",
            "pop-observe": "^2.0.2",
            "pop-swap": "^1.0.0",
            "pop-zip": "^1.0.0",
            "regexp-escape": "0.0.1",
            "weak-map": "^1.0.4"
          }
        },
        "colors": {
          "version": "0.6.2",
          "bundled": true
        },
        "combined-stream": {
          "version": "0.0.7",
          "bundled": true,
          "optional": true,
          "requires": {
            "delayed-stream": "0.0.5"
          }
        },
        "concat-map": {
          "version": "0.0.1",
          "bundled": true
        },
        "core-util-is": {
          "version": "1.0.2",
          "bundled": true
        },
        "crc32-stream": {
          "version": "0.2.0",
          "bundled": true,
          "requires": {
            "buffer-crc32": "~0.2.1",
            "readable-stream": "~1.0.24"
          }
        },
        "cryptiles": {
          "version": "0.2.2",
          "bundled": true,
          "optional": true,
          "requires": {
            "boom": "0.4.x"
          }
        },
        "ctype": {
          "version": "0.5.3",
          "bundled": true,
          "optional": true
        },
        "debug": {
          "version": "0.7.4",
          "bundled": true
        },
        "deflate-crc32-stream": {
          "version": "0.1.2",
          "bundled": true,
          "requires": {
            "buffer-crc32": "~0.2.1"
          }
        },
        "delayed-stream": {
          "version": "0.0.5",
          "bundled": true,
          "optional": true
        },
        "end-of-stream": {
          "version": "1.4.0",
          "bundled": true,
          "requires": {
            "once": "^1.4.0"
          }
        },
        "escodegen": {
          "version": "0.0.23",
          "bundled": true,
          "requires": {
            "esprima": "~1.0.2",
            "estraverse": "~0.0.4",
            "source-map": ">= 0.1.2"
          }
        },
        "esprima": {
          "version": "1.0.4",
          "bundled": true
        },
        "estraverse": {
          "version": "0.0.4",
          "bundled": true
        },
        "file-utils": {
          "version": "0.2.2",
          "bundled": true,
          "requires": {
            "findup-sync": "^0.2.1",
            "glob": "^4.3.5",
            "iconv-lite": "^0.4.3",
            "isbinaryfile": "^2.0.1",
            "lodash": "^2.4.1",
            "minimatch": "^2.0.1",
            "rimraf": "^2.2.2"
          },
          "dependencies": {
            "glob": {
              "version": "4.5.3",
              "bundled": true,
              "requires": {
                "inflight": "^1.0.4",
                "inherits": "2",
                "minimatch": "^2.0.1",
                "once": "^1.3.0"
              }
            },
            "minimatch": {
              "version": "2.0.10",
              "bundled": true,
              "requires": {
                "brace-expansion": "^1.0.0"
              }
            }
          }
        },
        "fileset": {
          "version": "0.1.8",
          "bundled": true,
          "requires": {
            "glob": "3.x",
            "minimatch": "0.x"
          }
        },
        "findup-sync": {
          "version": "0.2.1",
          "bundled": true,
          "requires": {
            "glob": "~4.3.0"
          },
          "dependencies": {
            "glob": {
              "version": "4.3.5",
              "bundled": true,
              "requires": {
                "inflight": "^1.0.4",
                "inherits": "2",
                "minimatch": "^2.0.1",
                "once": "^1.3.0"
              }
            },
            "minimatch": {
              "version": "2.0.10",
              "bundled": true,
              "requires": {
                "brace-expansion": "^1.0.0"
              }
            }
          }
        },
        "forever-agent": {
          "version": "0.5.2",
          "bundled": true
        },
        "form-data": {
          "version": "0.1.4",
          "bundled": true,
          "optional": true,
          "requires": {
            "async": "~0.9.0",
            "combined-stream": "~0.0.4",
            "mime": "~1.2.11"
          },
          "dependencies": {
            "async": {
              "version": "0.9.2",
              "bundled": true,
              "optional": true
            },
            "mime": {
              "version": "1.2.11",
              "bundled": true,
              "optional": true
            }
          }
        },
        "fs.realpath": {
          "version": "1.0.0",
          "bundled": true
        },
        "glob": {
          "version": "3.2.11",
          "bundled": true,
          "requires": {
            "inherits": "2",
            "minimatch": "0.3"
          }
        },
        "handlebars": {
          "version": "1.0.12",
          "bundled": true,
          "requires": {
            "optimist": "~0.3",
            "uglify-js": "~2.3"
          },
          "dependencies": {
            "optimist": {
              "version": "0.3.7",
              "bundled": true,
              "requires": {
                "wordwrap": "~0.0.2"
              }
            }
          }
        },
        "hawk": {
          "version": "1.0.0",
          "bundled": true,
          "optional": true,
          "requires": {
            "boom": "0.4.x",
            "cryptiles": "0.2.x",
            "hoek": "0.9.x",
            "sntp": "0.2.x"
          }
        },
        "hoek": {
          "version": "0.9.1",
          "bundled": true
        },
        "http-signature": {
          "version": "0.10.1",
          "bundled": true,
          "optional": true,
          "requires": {
            "asn1": "0.1.11",
            "assert-plus": "^0.1.5",
            "ctype": "0.5.3"
          }
        },
        "iconv-lite": {
          "version": "0.4.15",
          "bundled": true
        },
        "inflight": {
          "version": "1.0.6",
          "bundled": true,
          "requires": {
            "once": "^1.3.0",
            "wrappy": "1"
          }
        },
        "inherits": {
          "version": "2.0.3",
          "bundled": true
        },
        "isarray": {
          "version": "0.0.1",
          "bundled": true
        },
        "isbinaryfile": {
          "version": "2.0.4",
          "bundled": true
        },
        "istanbul": {
          "version": "0.1.46",
          "bundled": true,
          "requires": {
            "abbrev": "1.0.x",
            "async": "0.2.x",
            "escodegen": "0.0.23",
            "esprima": "1.0.x",
            "fileset": "0.1.x",
            "handlebars": "1.0.x",
            "mkdirp": "0.3.x",
            "nopt": "2.1.x",
            "resolve": "0.5.x",
            "which": "1.0.x",
            "wordwrap": "0.0.x"
          }
        },
        "jasminum": {
          "version": "2.0.7",
          "bundled": true,
          "requires": {
            "colors": "^0.6.2",
            "glob": "^3.2.8",
            "joey": "^2.0.1",
            "knox": ">=0.8.9 <0.9.0",
            "mr": "^2.0.3",
            "optimist": "^0.6.1",
            "pop-compare": "^1.0.0",
            "pop-equals": "^1.0.0",
            "pop-has": "^1.0.0",
            "q": "^2.0.3",
            "q-io": "^2.0.2",
            "qs": "^0.6.6",
            "regexp-escape": "0.0.1",
            "saucelabs": ">=0.1.1 <0.2.0",
            "url": "^0.7.9",
            "util": "^0.10.3",
            "wd": ">=0.2.15 <0.3.0"
          }
        },
        "joey": {
          "version": "2.0.1",
          "bundled": true,
          "requires": {
            "optimist": "^0.3.7",
            "q": "^2.0.1",
            "q-io": "^2.0.2",
            "url2": "^1.0.1"
          },
          "dependencies": {
            "optimist": {
              "version": "0.3.7",
              "bundled": true,
              "requires": {
                "wordwrap": "~0.0.2"
              }
            }
          }
        },
        "json-stringify-safe": {
          "version": "5.0.1",
          "bundled": true
        },
        "knox": {
          "version": "0.8.10",
          "bundled": true,
          "requires": {
            "debug": "~0.7.0",
            "mime": "*",
            "stream-counter": "~0.1.0",
            "xml2js": "0.2.x"
          }
        },
        "lazystream": {
          "version": "0.1.0",
          "bundled": true,
          "requires": {
            "readable-stream": "~1.0.2"
          }
        },
        "lodash": {
          "version": "2.4.2",
          "bundled": true
        },
        "lru-cache": {
          "version": "2.7.3",
          "bundled": true
        },
        "mime": {
          "version": "1.3.4",
          "bundled": true
        },
        "mimeparse": {
          "version": "0.1.4",
          "bundled": true
        },
        "mini-map": {
          "version": "1.0.0",
          "bundled": true
        },
        "minimatch": {
          "version": "0.3.0",
          "bundled": true,
          "requires": {
            "lru-cache": "2",
            "sigmund": "~1.0.0"
          }
        },
        "minimist": {
          "version": "0.0.10",
          "bundled": true
        },
        "mkdirp": {
          "version": "0.3.5",
          "bundled": true
        },
        "mr": {
          "version": "2.0.7",
          "bundled": true,
          "requires": {
            "colors": "^0.6.2",
            "istanbul": "^0.1.46",
            "optimist": "^0.6.1",
            "q": "^2.0.3",
            "util": "^0.10.3"
          }
        },
        "ms": {
          "version": "0.6.2",
          "bundled": true
        },
        "node-uuid": {
          "version": "1.4.7",
          "bundled": true
        },
        "nopt": {
          "version": "2.1.2",
          "bundled": true,
          "requires": {
            "abbrev": "1"
          }
        },
        "oauth-sign": {
          "version": "0.3.0",
          "bundled": true,
          "optional": true
        },
        "once": {
          "version": "1.4.0",
          "bundled": true,
          "requires": {
            "wrappy": "1"
          }
        },
        "optimist": {
          "version": "0.6.1",
          "bundled": true,
          "requires": {
            "minimist": "~0.0.1",
            "wordwrap": "~0.0.2"
          }
        },
        "path-is-absolute": {
          "version": "1.0.1",
          "bundled": true
        },
        "pop-arrayify": {
          "version": "1.0.0",
          "bundled": true
        },
        "pop-clear": {
          "version": "1.0.0",
          "bundled": true
        },
        "pop-clone": {
          "version": "1.0.1",
          "bundled": true,
          "requires": {
            "mini-map": "^1.0.0",
            "pop-equals": "^1.0.0"
          }
        },
        "pop-compare": {
          "version": "1.0.0",
          "bundled": true
        },
        "pop-equals": {
          "version": "1.0.0",
          "bundled": true,
          "requires": {
            "mini-map": "^1.0.0"
          }
        },
        "pop-has": {
          "version": "1.0.0",
          "bundled": true,
          "requires": {
            "pop-equals": "^1.0.0"
          }
        },
        "pop-hash": {
          "version": "1.0.1",
          "bundled": true,
          "requires": {
            "weak-map": "^1.0.5"
          }
        },
        "pop-iterate": {
          "version": "1.0.1",
          "bundled": true
        },
        "pop-observe": {
          "version": "2.0.2",
          "bundled": true,
          "requires": {
            "pop-equals": "^1.0.0",
            "pop-has": "^1.0.0",
            "pop-swap": "^1.0.0"
          }
        },
        "pop-swap": {
          "version": "1.0.0",
          "bundled": true
        },
        "pop-zip": {
          "version": "1.0.0",
          "bundled": true
        },
        "punycode": {
          "version": "1.0.0",
          "bundled": true
        },
        "q": {
          "version": "2.0.3",
          "bundled": true,
          "requires": {
            "asap": "^2.0.0",
            "pop-iterate": "^1.0.1",
            "weak-map": "^1.0.5"
          }
        },
        "q-io": {
          "version": "2.0.6",
          "bundled": true,
          "requires": {
            "collections": ">=2.0.1 <3.0.0",
            "mime": ">=1.2.11 <2.0.0",
            "mimeparse": ">=0.1.4 <0.2.0",
            "q": ">=2.0.1 <3.0.0",
            "qs": ">=0.6.6 <0.7.0",
            "url2": ">=2.0.0 <3.0.0"
          },
          "dependencies": {
            "url2": {
              "version": "2.0.0",
              "bundled": true,
              "requires": {
                "url": ">=0.7.9 <0.8.0"
              }
            }
          }
        },
        "qs": {
          "version": "0.6.6",
          "bundled": true
        },
        "querystring": {
          "version": "0.1.0",
          "bundled": true
        },
        "readable-stream": {
          "version": "1.0.34",
          "bundled": true,
          "requires": {
            "core-util-is": "~1.0.0",
            "inherits": "~2.0.1",
            "isarray": "0.0.1",
            "string_decoder": "~0.10.x"
          }
        },
        "regexp-escape": {
          "version": "0.0.1",
          "bundled": true
        },
        "request": {
          "version": "2.36.0",
          "bundled": true,
          "requires": {
            "aws-sign2": "~0.5.0",
            "forever-agent": "~0.5.0",
            "form-data": "~0.1.0",
            "hawk": "~1.0.0",
            "http-signature": "~0.10.0",
            "json-stringify-safe": "~5.0.0",
            "mime": "~1.2.9",
            "node-uuid": "~1.4.0",
            "oauth-sign": "~0.3.0",
            "qs": "~0.6.0",
            "tough-cookie": ">=0.12.0",
            "tunnel-agent": "~0.4.0"
          },
          "dependencies": {
            "mime": {
              "version": "1.2.11",
              "bundled": true
            }
          }
        },
        "resolve": {
          "version": "0.5.1",
          "bundled": true
        },
        "rimraf": {
          "version": "2.6.1",
          "bundled": true,
          "requires": {
            "glob": "^7.0.5"
          },
          "dependencies": {
            "glob": {
              "version": "7.1.1",
              "bundled": true,
              "requires": {
                "fs.realpath": "^1.0.0",
                "inflight": "^1.0.4",
                "inherits": "2",
                "minimatch": "^3.0.2",
                "once": "^1.3.0",
                "path-is-absolute": "^1.0.0"
              }
            },
            "minimatch": {
              "version": "3.0.3",
              "bundled": true,
              "requires": {
                "brace-expansion": "^1.0.0"
              }
            }
          }
        },
        "saucelabs": {
          "version": "0.1.1",
          "bundled": true
        },
        "sax": {
          "version": "0.5.8",
          "bundled": true
        },
        "sigmund": {
          "version": "1.0.1",
          "bundled": true
        },
        "sntp": {
          "version": "0.2.4",
          "bundled": true,
          "optional": true,
          "requires": {
            "hoek": "0.9.x"
          }
        },
        "source-map": {
          "version": "0.5.6",
          "bundled": true,
          "optional": true
        },
        "stream-counter": {
          "version": "0.1.0",
          "bundled": true,
          "requires": {
            "readable-stream": "~1.0.2"
          }
        },
        "string_decoder": {
          "version": "0.10.31",
          "bundled": true
        },
        "system": {
          "version": "1.3.0",
          "bundled": true,
          "requires": {
            "q": "^2.0.3"
          }
        },
        "tar-stream": {
          "version": "0.4.7",
          "bundled": true,
          "requires": {
            "bl": "^0.9.0",
            "end-of-stream": "^1.0.0",
            "readable-stream": "^1.0.27-1",
            "xtend": "^4.0.0"
          }
        },
        "tough-cookie": {
          "version": "2.3.2",
          "bundled": true,
          "optional": true,
          "requires": {
            "punycode": "^1.4.1"
          },
          "dependencies": {
            "punycode": {
              "version": "1.4.1",
              "bundled": true,
              "optional": true
            }
          }
        },
        "tunnel-agent": {
          "version": "0.4.3",
          "bundled": true,
          "optional": true
        },
        "uglify-js": {
          "version": "2.3.6",
          "bundled": true,
          "requires": {
            "async": "~0.2.6",
            "optimist": "~0.3.5",
            "source-map": "~0.1.7"
          },
          "dependencies": {
            "optimist": {
              "version": "0.3.7",
              "bundled": true,
              "requires": {
                "wordwrap": "~0.0.2"
              }
            },
            "source-map": {
              "version": "0.1.43",
              "bundled": true,
              "requires": {
                "amdefine": ">=0.0.4"
              }
            }
          }
        },
        "underscore.string": {
          "version": "2.3.3",
          "bundled": true
        },
        "url": {
          "version": "0.7.9",
          "bundled": true,
          "requires": {
            "punycode": ">=1.0.0 <1.1.0",
            "querystring": ">=0.1.0 <0.2.0"
          }
        },
        "url2": {
          "version": "1.0.4",
          "bundled": true,
          "requires": {
            "url": "0.10.2"
          },
          "dependencies": {
            "punycode": {
              "version": "1.3.2",
              "bundled": true
            },
            "url": {
              "version": "0.10.2",
              "bundled": true,
              "requires": {
                "punycode": "1.3.2"
              }
            }
          }
        },
        "util": {
          "version": "0.10.3",
          "bundled": true,
          "requires": {
            "inherits": "2.0.1"
          },
          "dependencies": {
            "inherits": {
              "version": "2.0.1",
              "bundled": true
            }
          }
        },
        "vargs": {
          "version": "0.1.0",
          "bundled": true
        },
        "wd": {
          "version": "0.2.27",
          "bundled": true,
          "requires": {
            "archiver": "~0.10.0",
            "async": "~0.9.0",
            "lodash": "~2.4.1",
            "q": "~1.0.1",
            "request": "~2.36.0",
            "underscore.string": "~2.3.3",
            "vargs": "~0.1.0"
          },
          "dependencies": {
            "async": {
              "version": "0.9.2",
              "bundled": true
            },
            "q": {
              "version": "1.0.1",
              "bundled": true
            }
          }
        },
        "weak-map": {
          "version": "1.0.5",
          "bundled": true
        },
        "which": {
          "version": "1.0.9",
          "bundled": true
        },
        "wordwrap": {
          "version": "0.0.3",
          "bundled": true
        },
        "wrappy": {
          "version": "1.0.2",
          "bundled": true
        },
        "xml2js": {
          "version": "0.2.8",
          "bundled": true,
          "requires": {
            "sax": "0.5.x"
          }
        },
        "xtend": {
          "version": "4.0.1",
          "bundled": true
        },
        "zip-stream": {
          "version": "0.3.7",
          "bundled": true,
          "requires": {
            "buffer-crc32": "~0.2.1",
            "crc32-stream": "~0.2.0",
            "debug": "~1.0.2",
            "deflate-crc32-stream": "~0.1.0",
            "lodash": "~2.4.1",
            "readable-stream": "~1.0.26"
          },
          "dependencies": {
            "debug": {
              "version": "1.0.4",
              "bundled": true,
              "requires": {
                "ms": "0.6.2"
              }
            }
          }
        }
      }
    },
    "tough-cookie": {
      "version": "2.3.4",
      "resolved": "https://registry.npmjs.org/tough-cookie/-/tough-cookie-2.3.4.tgz",
      "integrity": "sha512-TZ6TTfI5NtZnuyy/Kecv+CnoROnyXn2DN97LontgQpCwsX2XyLYCC0ENhYkehSOwAp8rTQKc/NUIF7BkQ5rKLA==",
      "dev": true,
      "optional": true,
      "requires": {
        "punycode": "^1.4.1"
      }
    },
    "tunnel-agent": {
      "version": "0.6.0",
      "resolved": "https://registry.npmjs.org/tunnel-agent/-/tunnel-agent-0.6.0.tgz",
      "integrity": "sha1-J6XeoGs2sEoKmWZ3SykIaPD8QP0=",
      "dev": true,
      "optional": true,
      "requires": {
        "safe-buffer": "^5.0.1"
      }
    },
    "tweetnacl": {
      "version": "0.14.5",
      "resolved": "https://registry.npmjs.org/tweetnacl/-/tweetnacl-0.14.5.tgz",
      "integrity": "sha1-WuaBd/GS1EViadEIr6k/+HQ/T2Q=",
      "dev": true,
      "optional": true
    },
    "uuid": {
      "version": "3.3.2",
      "resolved": "https://registry.npmjs.org/uuid/-/uuid-3.3.2.tgz",
      "integrity": "sha512-yXJmeNaw3DnnKAOKJE51sL/ZaYfWJRl1pK9dr19YFCu0ObS231AB1/LbqTKRAQ5kw8A90rA6fr4riOUpTZvQZA==",
      "dev": true,
      "optional": true
    },
    "verror": {
      "version": "1.10.0",
      "resolved": "https://registry.npmjs.org/verror/-/verror-1.10.0.tgz",
      "integrity": "sha1-OhBcoXBTr1XW4nDB+CiGguGNpAA=",
      "dev": true,
      "optional": true,
      "requires": {
        "assert-plus": "^1.0.0",
        "core-util-is": "1.0.2",
        "extsprintf": "^1.2.0"
      }
    },
    "weak-map": {
      "version": "1.0.5",
      "resolved": "https://registry.npmjs.org/weak-map/-/weak-map-1.0.5.tgz",
      "integrity": "sha1-eWkVhNmGB/UHC9O3CkDmuyLkAes="
    },
    "wizdom": {
      "version": "1.1.0",
      "resolved": "https://registry.npmjs.org/wizdom/-/wizdom-1.1.0.tgz",
      "integrity": "sha1-weX5q9z6PCC3SpCFiR+3oKZ9N7g="
    },
    "xmldom": {
      "version": "0.1.27",
      "resolved": "https://registry.npmjs.org/xmldom/-/xmldom-0.1.27.tgz",
      "integrity": "sha1-1QH5ezvbQDr4757MIFcxh6rawOk="
    }
  }
}
